
Microsoft Visual Studio Solution File, Format Version 12.00
# Visual Studio 15
VisualStudioVersion = 15.0.27130.2027
MinimumVisualStudioVersion = 10.0.40219.1
Project("{FAE04EC0-301F-11D3-BF4B-00C04F79EFBC}") = "EnvioBoundedContext.Domain", "EnvioBoundedContext.Domain\EnvioBoundedContext.Domain.csproj", "{A3B569EA-C0BD-4952-B492-C08DDC36AF40}"
EndProject
Project("{FAE04EC0-301F-11D3-BF4B-00C04F79EFBC}") = "EnvioBoundedContext.Repositori", "EnvioBoundedContext.Repositorio\EnvioBoundedContext.Repositori.csproj", "{77A6FA06-9B81-4B03-B54D-A62FEEB488FC}"
EndProject
Project("{FAE04EC0-301F-11D3-BF4B-00C04F79EFBC}") = "EnvioBoundedContext.Domain.UnitTest", "EnvioBoundedContext.Domain.UnitTest\EnvioBoundedContext.Domain.UnitTest.csproj", "{4F4949C7-17A4-43BA-A2EA-C920C05E265D}"
EndProject
Global
	GlobalSection(SolutionConfigurationPlatforms) = preSolution
		Debug|Any CPU = Debug|Any CPU
		Release|Any CPU = Release|Any CPU
	EndGlobalSection
	GlobalSection(ProjectConfigurationPlatforms) = postSolution
		{A3B569EA-C0BD-4952-B492-C08DDC36AF40}.Debug|Any CPU.ActiveCfg = Debug|Any CPU
		{A3B569EA-C0BD-4952-B492-C08DDC36AF40}.Debug|Any CPU.Build.0 = Debug|Any CPU
		{A3B569EA-C0BD-4952-B492-C08DDC36AF40}.Release|Any CPU.ActiveCfg = Release|Any CPU
		{A3B569EA-C0BD-4952-B492-C08DDC36AF40}.Release|Any CPU.Build.0 = Release|Any CPU
		{77A6FA06-9B81-4B03-B54D-A62FEEB488FC}.Debug|Any CPU.ActiveCfg = Debug|Any CPU
		{77A6FA06-9B81-4B03-B54D-A62FEEB488FC}.Debug|Any CPU.Build.0 = Debug|Any CPU
		{77A6FA06-9B81-4B03-B54D-A62FEEB488FC}.Release|Any CPU.ActiveCfg = Release|Any CPU
		{77A6FA06-9B81-4B03-B54D-A62FEEB488FC}.Release|Any CPU.Build.0 = Release|Any CPU
		{4F4949C7-17A4-43BA-A2EA-C920C05E265D}.Debug|Any CPU.ActiveCfg = Debug|Any CPU
		{4F4949C7-17A4-43BA-A2EA-C920C05E265D}.Debug|Any CPU.Build.0 = Debug|Any CPU
		{4F4949C7-17A4-43BA-A2EA-C920C05E265D}.Release|Any CPU.ActiveCfg = Release|Any CPU
		{4F4949C7-17A4-43BA-A2EA-C920C05E265D}.Release|Any CPU.Build.0 = Release|Any CPU
	EndGlobalSection
	GlobalSection(SolutionProperties) = preSolution
		HideSolutionNode = FALSE
	EndGlobalSection
	GlobalSection(ExtensibilityGlobals) = postSolution
		SolutionGuid = {A377733A-076A-49C8-915B-88FEB6113410}
	EndGlobalSection
EndGlobal
