
Microsoft Visual Studio Solution File, Format Version 12.00
# Visual Studio 15
VisualStudioVersion = 15.0.27130.2027
MinimumVisualStudioVersion = 10.0.40219.1
Project("{FAE04EC0-301F-11D3-BF4B-00C04F79EFBC}") = "DomainEventsDispacher", "DomainEventsDispacher\DomainEventsDispacher.csproj", "{F705587B-EC8D-4599-B9B1-745819B1A189}"
EndProject
Project("{FAE04EC0-301F-11D3-BF4B-00C04F79EFBC}") = "HolaMundo", "HolaMundo\HolaMundo.csproj", "{80C7C938-EA93-4D65-8567-1EE3379609A0}"
EndProject
Global
	GlobalSection(SolutionConfigurationPlatforms) = preSolution
		Debug|Any CPU = Debug|Any CPU
		Release|Any CPU = Release|Any CPU
	EndGlobalSection
	GlobalSection(ProjectConfigurationPlatforms) = postSolution
		{F705587B-EC8D-4599-B9B1-745819B1A189}.Debug|Any CPU.ActiveCfg = Debug|Any CPU
		{F705587B-EC8D-4599-B9B1-745819B1A189}.Debug|Any CPU.Build.0 = Debug|Any CPU
		{F705587B-EC8D-4599-B9B1-745819B1A189}.Release|Any CPU.ActiveCfg = Release|Any CPU
		{F705587B-EC8D-4599-B9B1-745819B1A189}.Release|Any CPU.Build.0 = Release|Any CPU
		{80C7C938-EA93-4D65-8567-1EE3379609A0}.Debug|Any CPU.ActiveCfg = Debug|Any CPU
		{80C7C938-EA93-4D65-8567-1EE3379609A0}.Debug|Any CPU.Build.0 = Debug|Any CPU
		{80C7C938-EA93-4D65-8567-1EE3379609A0}.Release|Any CPU.ActiveCfg = Release|Any CPU
		{80C7C938-EA93-4D65-8567-1EE3379609A0}.Release|Any CPU.Build.0 = Release|Any CPU
	EndGlobalSection
	GlobalSection(SolutionProperties) = preSolution
		HideSolutionNode = FALSE
	EndGlobalSection
	GlobalSection(ExtensibilityGlobals) = postSolution
		SolutionGuid = {DF4D07C4-27C9-445A-AD8A-DAEE82ABD7D6}
	EndGlobalSection
EndGlobal
