
Microsoft Visual Studio Solution File, Format Version 12.00
# Visual Studio 15
VisualStudioVersion = 15.0.27130.2027
MinimumVisualStudioVersion = 10.0.40219.1
Project("{FAE04EC0-301F-11D3-BF4B-00C04F79EFBC}") = "EnvioBoundedContext.Domain.Model", "EnvioBoundedContext.Domain.Model\EnvioBoundedContext.Domain.Model.csproj", "{A3B569EA-C0BD-4952-B492-C08DDC36AF40}"
EndProject
Project("{FAE04EC0-301F-11D3-BF4B-00C04F79EFBC}") = "EnvioBoundedContext.Domain.Model.UnitTest", "EnvioBoundedContext.Domain.Model.UnitTest\EnvioBoundedContext.Domain.Model.UnitTest.csproj", "{4F4949C7-17A4-43BA-A2EA-C920C05E265D}"
EndProject
Project("{FAE04EC0-301F-11D3-BF4B-00C04F79EFBC}") = "EnvioBoundedContext.Infraestructure", "EnvioBoundedContext.Infraestructure\EnvioBoundedContext.Infraestructure.csproj", "{77A6FA06-9B81-4B03-B54D-A62FEEB488FC}"
EndProject
Project("{2150E333-8FDC-42A3-9474-1A3956D46DE8}") = "Test", "Test", "{7D9C6EFD-44CF-4A0E-9279-6B55EBF6372E}"
EndProject
Project("{2150E333-8FDC-42A3-9474-1A3956D46DE8}") = "Reviews", "Reviews", "{0D269EB5-9169-49F2-B314-F3FAFFD3D1BB}"
	ProjectSection(SolutionItems) = preProject
		EnvioBoundedContext.Domain.Model\ReadMe.md = EnvioBoundedContext.Domain.Model\ReadMe.md
	EndProjectSection
EndProject
Project("{9A19103F-16F7-4668-BE54-9A1E7A4F7556}") = "Common.Domain.Model", "Common.Domain.Model\Common.Domain.Model.csproj", "{AD0AF3EB-75FA-4145-A656-8CC554093010}"
EndProject
Project("{FAE04EC0-301F-11D3-BF4B-00C04F79EFBC}") = "EnvioBoundedContext.IntegrationTest", "EnvioBoundedContext.IntegrationTest\EnvioBoundedContext.IntegrationTest.csproj", "{8C04DEA5-5A2C-4B0D-87CB-83A34BD162A2}"
EndProject
Project("{FAE04EC0-301F-11D3-BF4B-00C04F79EFBC}") = "EnvioBoundedContext.Application", "EnvioBoundedContext.Application\EnvioBoundedContext.Application.csproj", "{E44D7A00-D864-4FC1-8EEE-4FE57C8DEE79}"
EndProject
Global
	GlobalSection(SolutionConfigurationPlatforms) = preSolution
		Debug|Any CPU = Debug|Any CPU
		Release|Any CPU = Release|Any CPU
	EndGlobalSection
	GlobalSection(ProjectConfigurationPlatforms) = postSolution
		{A3B569EA-C0BD-4952-B492-C08DDC36AF40}.Debug|Any CPU.ActiveCfg = Debug|Any CPU
		{A3B569EA-C0BD-4952-B492-C08DDC36AF40}.Debug|Any CPU.Build.0 = Debug|Any CPU
		{A3B569EA-C0BD-4952-B492-C08DDC36AF40}.Release|Any CPU.ActiveCfg = Release|Any CPU
		{A3B569EA-C0BD-4952-B492-C08DDC36AF40}.Release|Any CPU.Build.0 = Release|Any CPU
		{4F4949C7-17A4-43BA-A2EA-C920C05E265D}.Debug|Any CPU.ActiveCfg = Debug|Any CPU
		{4F4949C7-17A4-43BA-A2EA-C920C05E265D}.Debug|Any CPU.Build.0 = Debug|Any CPU
		{4F4949C7-17A4-43BA-A2EA-C920C05E265D}.Release|Any CPU.ActiveCfg = Release|Any CPU
		{4F4949C7-17A4-43BA-A2EA-C920C05E265D}.Release|Any CPU.Build.0 = Release|Any CPU
		{77A6FA06-9B81-4B03-B54D-A62FEEB488FC}.Debug|Any CPU.ActiveCfg = Debug|Any CPU
		{77A6FA06-9B81-4B03-B54D-A62FEEB488FC}.Debug|Any CPU.Build.0 = Debug|Any CPU
		{77A6FA06-9B81-4B03-B54D-A62FEEB488FC}.Release|Any CPU.ActiveCfg = Release|Any CPU
		{77A6FA06-9B81-4B03-B54D-A62FEEB488FC}.Release|Any CPU.Build.0 = Release|Any CPU
		{AD0AF3EB-75FA-4145-A656-8CC554093010}.Debug|Any CPU.ActiveCfg = Debug|Any CPU
		{AD0AF3EB-75FA-4145-A656-8CC554093010}.Debug|Any CPU.Build.0 = Debug|Any CPU
		{AD0AF3EB-75FA-4145-A656-8CC554093010}.Release|Any CPU.ActiveCfg = Release|Any CPU
		{AD0AF3EB-75FA-4145-A656-8CC554093010}.Release|Any CPU.Build.0 = Release|Any CPU
		{8C04DEA5-5A2C-4B0D-87CB-83A34BD162A2}.Debug|Any CPU.ActiveCfg = Debug|Any CPU
		{8C04DEA5-5A2C-4B0D-87CB-83A34BD162A2}.Debug|Any CPU.Build.0 = Debug|Any CPU
		{8C04DEA5-5A2C-4B0D-87CB-83A34BD162A2}.Release|Any CPU.ActiveCfg = Release|Any CPU
		{8C04DEA5-5A2C-4B0D-87CB-83A34BD162A2}.Release|Any CPU.Build.0 = Release|Any CPU
		{E44D7A00-D864-4FC1-8EEE-4FE57C8DEE79}.Debug|Any CPU.ActiveCfg = Debug|Any CPU
		{E44D7A00-D864-4FC1-8EEE-4FE57C8DEE79}.Debug|Any CPU.Build.0 = Debug|Any CPU
		{E44D7A00-D864-4FC1-8EEE-4FE57C8DEE79}.Release|Any CPU.ActiveCfg = Release|Any CPU
		{E44D7A00-D864-4FC1-8EEE-4FE57C8DEE79}.Release|Any CPU.Build.0 = Release|Any CPU
	EndGlobalSection
	GlobalSection(SolutionProperties) = preSolution
		HideSolutionNode = FALSE
	EndGlobalSection
	GlobalSection(NestedProjects) = preSolution
		{4F4949C7-17A4-43BA-A2EA-C920C05E265D} = {7D9C6EFD-44CF-4A0E-9279-6B55EBF6372E}
		{8C04DEA5-5A2C-4B0D-87CB-83A34BD162A2} = {7D9C6EFD-44CF-4A0E-9279-6B55EBF6372E}
	EndGlobalSection
	GlobalSection(ExtensibilityGlobals) = postSolution
		SolutionGuid = {A377733A-076A-49C8-915B-88FEB6113410}
	EndGlobalSection
EndGlobal
